// !$*UTF8*$!
{
	archiveVersion = 1;
	classes = {
	};
	objectVersion = 46;
	objects = {

/* Begin PBXBuildFile section */
		9A18D13A13919BF500213846 /* UIKit.framework in Frameworks */ = {isa = PBXBuildFile; fileRef = 9A18D13913919BF500213846 /* UIKit.framework */; };
		9A18D13C13919BF500213846 /* Foundation.framework in Frameworks */ = {isa = PBXBuildFile; fileRef = 9A18D13B13919BF500213846 /* Foundation.framework */; };
		9A18D13E13919BF500213846 /* CoreGraphics.framework in Frameworks */ = {isa = PBXBuildFile; fileRef = 9A18D13D13919BF500213846 /* CoreGraphics.framework */; };
		9A18D14413919BF500213846 /* InfoPlist.strings in Resources */ = {isa = PBXBuildFile; fileRef = 9A18D14213919BF500213846 /* InfoPlist.strings */; };
		9A18D14713919BF500213846 /* main.m in Sources */ = {isa = PBXBuildFile; fileRef = 9A18D14613919BF500213846 /* main.m */; };
		9A18D14A13919BF500213846 /* SimpleContactsAppDelegate.m in Sources */ = {isa = PBXBuildFile; fileRef = 9A18D14913919BF500213846 /* SimpleContactsAppDelegate.m */; };
		9A18D15A13919BF500213846 /* UIKit.framework in Frameworks */ = {isa = PBXBuildFile; fileRef = 9A18D13913919BF500213846 /* UIKit.framework */; };
		9A18D15B13919BF500213846 /* Foundation.framework in Frameworks */ = {isa = PBXBuildFile; fileRef = 9A18D13B13919BF500213846 /* Foundation.framework */; };
		9A18D15C13919BF500213846 /* CoreGraphics.framework in Frameworks */ = {isa = PBXBuildFile; fileRef = 9A18D13D13919BF500213846 /* CoreGraphics.framework */; };
		9A18D16413919BF500213846 /* InfoPlist.strings in Resources */ = {isa = PBXBuildFile; fileRef = 9A18D16213919BF500213846 /* InfoPlist.strings */; };
		9A18D16713919BF600213846 /* SimpleContactsTests.h in Resources */ = {isa = PBXBuildFile; fileRef = 9A18D16613919BF600213846 /* SimpleContactsTests.h */; };
		9A18D16913919BF600213846 /* SimpleContactsTests.m in Sources */ = {isa = PBXBuildFile; fileRef = 9A18D16813919BF600213846 /* SimpleContactsTests.m */; };
		9A18D37D1391A27E00213846 /* Contact.xcdatamodeld in Sources */ = {isa = PBXBuildFile; fileRef = 9A18D37B1391A27E00213846 /* Contact.xcdatamodeld */; };
		9A18D3801391A3C000213846 /* Contact.m in Sources */ = {isa = PBXBuildFile; fileRef = 9A18D37F1391A3C000213846 /* Contact.m */; };
		9A18D3831391A61700213846 /* ContactsController.m in Sources */ = {isa = PBXBuildFile; fileRef = 9A18D3821391A61700213846 /* ContactsController.m */; };
		9A18D3851391AD8D00213846 /* CoreData.framework in Frameworks */ = {isa = PBXBuildFile; fileRef = 9A18D3841391AD8D00213846 /* CoreData.framework */; };
		9A2043B01391E1EB00D60D39 /* MainWindow.xib in Resources */ = {isa = PBXBuildFile; fileRef = 9A2043AF1391E1EB00D60D39 /* MainWindow.xib */; };
/* End PBXBuildFile section */

/* Begin PBXContainerItemProxy section */
		9A18D15D13919BF500213846 /* PBXContainerItemProxy */ = {
			isa = PBXContainerItemProxy;
			containerPortal = 9A18D12C13919BF500213846 /* Project object */;
			proxyType = 1;
			remoteGlobalIDString = 9A18D13413919BF500213846;
			remoteInfo = SimpleContacts;
		};
/* End PBXContainerItemProxy section */

/* Begin PBXFileReference section */
		9A18D13513919BF500213846 /* SimpleContacts.app */ = {isa = PBXFileReference; explicitFileType = wrapper.application; includeInIndex = 0; path = SimpleContacts.app; sourceTree = BUILT_PRODUCTS_DIR; };
		9A18D13913919BF500213846 /* UIKit.framework */ = {isa = PBXFileReference; lastKnownFileType = wrapper.framework; name = UIKit.framework; path = System/Library/Frameworks/UIKit.framework; sourceTree = SDKROOT; };
		9A18D13B13919BF500213846 /* Foundation.framework */ = {isa = PBXFileReference; lastKnownFileType = wrapper.framework; name = Foundation.framework; path = System/Library/Frameworks/Foundation.framework; sourceTree = SDKROOT; };
		9A18D13D13919BF500213846 /* CoreGraphics.framework */ = {isa = PBXFileReference; lastKnownFileType = wrapper.framework; name = CoreGraphics.framework; path = System/Library/Frameworks/CoreGraphics.framework; sourceTree = SDKROOT; };
		9A18D14113919BF500213846 /* SimpleContacts-Info.plist */ = {isa = PBXFileReference; lastKnownFileType = text.plist.xml; path = "SimpleContacts-Info.plist"; sourceTree = "<group>"; };
		9A18D14313919BF500213846 /* en */ = {isa = PBXFileReference; lastKnownFileType = text.plist.strings; name = en; path = en.lproj/InfoPlist.strings; sourceTree = "<group>"; };
		9A18D14513919BF500213846 /* SimpleContacts-Prefix.pch */ = {isa = PBXFileReference; lastKnownFileType = sourcecode.c.h; path = "SimpleContacts-Prefix.pch"; sourceTree = "<group>"; };
		9A18D14613919BF500213846 /* main.m */ = {isa = PBXFileReference; lastKnownFileType = sourcecode.c.objc; path = main.m; sourceTree = "<group>"; };
		9A18D14813919BF500213846 /* SimpleContactsAppDelegate.h */ = {isa = PBXFileReference; lastKnownFileType = sourcecode.c.h; path = SimpleContactsAppDelegate.h; sourceTree = "<group>"; };
		9A18D14913919BF500213846 /* SimpleContactsAppDelegate.m */ = {isa = PBXFileReference; lastKnownFileType = sourcecode.c.objc; path = SimpleContactsAppDelegate.m; sourceTree = "<group>"; };
		9A18D15913919BF500213846 /* SimpleContactsTests.octest */ = {isa = PBXFileReference; explicitFileType = wrapper.cfbundle; includeInIndex = 0; path = SimpleContactsTests.octest; sourceTree = BUILT_PRODUCTS_DIR; };
		9A18D16113919BF500213846 /* SimpleContactsTests-Info.plist */ = {isa = PBXFileReference; lastKnownFileType = text.plist.xml; path = "SimpleContactsTests-Info.plist"; sourceTree = "<group>"; };
		9A18D16313919BF500213846 /* en */ = {isa = PBXFileReference; lastKnownFileType = text.plist.strings; name = en; path = en.lproj/InfoPlist.strings; sourceTree = "<group>"; };
		9A18D16513919BF600213846 /* SimpleContactsTests-Prefix.pch */ = {isa = PBXFileReference; lastKnownFileType = sourcecode.c.h; path = "SimpleContactsTests-Prefix.pch"; sourceTree = "<group>"; };
		9A18D16613919BF600213846 /* SimpleContactsTests.h */ = {isa = PBXFileReference; lastKnownFileType = sourcecode.c.h; path = SimpleContactsTests.h; sourceTree = "<group>"; };
		9A18D16813919BF600213846 /* SimpleContactsTests.m */ = {isa = PBXFileReference; lastKnownFileType = sourcecode.c.objc; path = SimpleContactsTests.m; sourceTree = "<group>"; };
		9A18D37C1391A27E00213846 /* Contact.xcdatamodel */ = {isa = PBXFileReference; lastKnownFileType = wrapper.xcdatamodel; path = Contact.xcdatamodel; sourceTree = "<group>"; };
		9A18D37E1391A3C000213846 /* Contact.h */ = {isa = PBXFileReference; fileEncoding = 4; lastKnownFileType = sourcecode.c.h; path = Contact.h; sourceTree = "<group>"; };
		9A18D37F1391A3C000213846 /* Contact.m */ = {isa = PBXFileReference; fileEncoding = 4; lastKnownFileType = sourcecode.c.objc; path = Contact.m; sourceTree = "<group>"; };
		9A18D3811391A61700213846 /* ContactsController.h */ = {isa = PBXFileReference; fileEncoding = 4; lastKnownFileType = sourcecode.c.h; path = ContactsController.h; sourceTree = "<group>"; };
		9A18D3821391A61700213846 /* ContactsController.m */ = {isa = PBXFileReference; fileEncoding = 4; lastKnownFileType = sourcecode.c.objc; path = ContactsController.m; sourceTree = "<group>"; };
		9A18D3841391AD8D00213846 /* CoreData.framework */ = {isa = PBXFileReference; lastKnownFileType = wrapper.framework; name = CoreData.framework; path = System/Library/Frameworks/CoreData.framework; sourceTree = SDKROOT; };
		9A2043AF1391E1EB00D60D39 /* MainWindow.xib */ = {isa = PBXFileReference; fileEncoding = 4; lastKnownFileType = file.xib; path = MainWindow.xib; sourceTree = "<group>"; };
/* End PBXFileReference section */

/* Begin PBXFrameworksBuildPhase section */
		9A18D13213919BF500213846 /* Frameworks */ = {
			isa = PBXFrameworksBuildPhase;
			buildActionMask = 2147483647;
			files = (
				9A18D3851391AD8D00213846 /* CoreData.framework in Frameworks */,
				9A18D13A13919BF500213846 /* UIKit.framework in Frameworks */,
				9A18D13C13919BF500213846 /* Foundation.framework in Frameworks */,
				9A18D13E13919BF500213846 /* CoreGraphics.framework in Frameworks */,
			);
			runOnlyForDeploymentPostprocessing = 0;
		};
		9A18D15513919BF500213846 /* Frameworks */ = {
			isa = PBXFrameworksBuildPhase;
			buildActionMask = 2147483647;
			files = (
				9A18D15A13919BF500213846 /* UIKit.framework in Frameworks */,
				9A18D15B13919BF500213846 /* Foundation.framework in Frameworks */,
				9A18D15C13919BF500213846 /* CoreGraphics.framework in Frameworks */,
			);
			runOnlyForDeploymentPostprocessing = 0;
		};
/* End PBXFrameworksBuildPhase section */

/* Begin PBXGroup section */
		9A18D12A13919BF500213846 = {
			isa = PBXGroup;
			children = (
				9A18D3841391AD8D00213846 /* CoreData.framework */,
				9A18D13F13919BF500213846 /* SimpleContacts */,
				9A18D15F13919BF500213846 /* SimpleContactsTests */,
				9A18D13813919BF500213846 /* Frameworks */,
				9A18D13613919BF500213846 /* Products */,
			);
			sourceTree = "<group>";
		};
		9A18D13613919BF500213846 /* Products */ = {
			isa = PBXGroup;
			children = (
				9A18D13513919BF500213846 /* SimpleContacts.app */,
				9A18D15913919BF500213846 /* SimpleContactsTests.octest */,
			);
			name = Products;
			sourceTree = "<group>";
		};
		9A18D13813919BF500213846 /* Frameworks */ = {
			isa = PBXGroup;
			children = (
				9A18D13913919BF500213846 /* UIKit.framework */,
				9A18D13B13919BF500213846 /* Foundation.framework */,
				9A18D13D13919BF500213846 /* CoreGraphics.framework */,
			);
			name = Frameworks;
			sourceTree = "<group>";
		};
		9A18D13F13919BF500213846 /* SimpleContacts */ = {
			isa = PBXGroup;
			children = (
				9A18D14813919BF500213846 /* SimpleContactsAppDelegate.h */,
				9A18D14913919BF500213846 /* SimpleContactsAppDelegate.m */,
				9A18D14013919BF500213846 /* Supporting Files */,
				9A18D37B1391A27E00213846 /* Contact.xcdatamodeld */,
				9A18D37E1391A3C000213846 /* Contact.h */,
				9A18D3811391A61700213846 /* ContactsController.h */,
				9A18D3821391A61700213846 /* ContactsController.m */,
				9A18D37F1391A3C000213846 /* Contact.m */,
				9A2043AF1391E1EB00D60D39 /* MainWindow.xib */,
			);
			path = SimpleContacts;
			sourceTree = "<group>";
		};
		9A18D14013919BF500213846 /* Supporting Files */ = {
			isa = PBXGroup;
			children = (
				9A18D14113919BF500213846 /* SimpleContacts-Info.plist */,
				9A18D14213919BF500213846 /* InfoPlist.strings */,
				9A18D14513919BF500213846 /* SimpleContacts-Prefix.pch */,
				9A18D14613919BF500213846 /* main.m */,
			);
			name = "Supporting Files";
			sourceTree = "<group>";
		};
		9A18D15F13919BF500213846 /* SimpleContactsTests */ = {
			isa = PBXGroup;
			children = (
				9A18D16613919BF600213846 /* SimpleContactsTests.h */,
				9A18D16813919BF600213846 /* SimpleContactsTests.m */,
				9A18D16013919BF500213846 /* Supporting Files */,
			);
			path = SimpleContactsTests;
			sourceTree = "<group>";
		};
		9A18D16013919BF500213846 /* Supporting Files */ = {
			isa = PBXGroup;
			children = (
				9A18D16113919BF500213846 /* SimpleContactsTests-Info.plist */,
				9A18D16213919BF500213846 /* InfoPlist.strings */,
				9A18D16513919BF600213846 /* SimpleContactsTests-Prefix.pch */,
			);
			name = "Supporting Files";
			sourceTree = "<group>";
		};
/* End PBXGroup section */

/* Begin PBXNativeTarget section */
		9A18D13413919BF500213846 /* SimpleContacts */ = {
			isa = PBXNativeTarget;
			buildConfigurationList = 9A18D16C13919BF600213846 /* Build configuration list for PBXNativeTarget "SimpleContacts" */;
			buildPhases = (
				9A18D13113919BF500213846 /* Sources */,
				9A18D13213919BF500213846 /* Frameworks */,
				9A18D13313919BF500213846 /* Resources */,
			);
			buildRules = (
			);
			dependencies = (
			);
			name = SimpleContacts;
			productName = SimpleContacts;
			productReference = 9A18D13513919BF500213846 /* SimpleContacts.app */;
			productType = "com.apple.product-type.application";
		};
		9A18D15813919BF500213846 /* SimpleContactsTests */ = {
			isa = PBXNativeTarget;
			buildConfigurationList = 9A18D16F13919BF600213846 /* Build configuration list for PBXNativeTarget "SimpleContactsTests" */;
			buildPhases = (
				9A18D15413919BF500213846 /* Sources */,
				9A18D15513919BF500213846 /* Frameworks */,
				9A18D15613919BF500213846 /* Resources */,
				9A18D15713919BF500213846 /* ShellScript */,
			);
			buildRules = (
			);
			dependencies = (
				9A18D15E13919BF500213846 /* PBXTargetDependency */,
			);
			name = SimpleContactsTests;
			productName = SimpleContactsTests;
			productReference = 9A18D15913919BF500213846 /* SimpleContactsTests.octest */;
			productType = "com.apple.product-type.bundle";
		};
/* End PBXNativeTarget section */

/* Begin PBXProject section */
		9A18D12C13919BF500213846 /* Project object */ = {
			isa = PBXProject;
			buildConfigurationList = 9A18D12F13919BF500213846 /* Build configuration list for PBXProject "SimpleContacts" */;
			compatibilityVersion = "Xcode 3.2";
			developmentRegion = English;
			hasScannedForEncodings = 0;
			knownRegions = (
				en,
				English,
			);
			mainGroup = 9A18D12A13919BF500213846;
			productRefGroup = 9A18D13613919BF500213846 /* Products */;
			projectDirPath = "";
			projectRoot = "";
			targets = (
				9A18D13413919BF500213846 /* SimpleContacts */,
				9A18D15813919BF500213846 /* SimpleContactsTests */,
			);
		};
/* End PBXProject section */

/* Begin PBXResourcesBuildPhase section */
		9A18D13313919BF500213846 /* Resources */ = {
			isa = PBXResourcesBuildPhase;
			buildActionMask = 2147483647;
			files = (
				9A18D14413919BF500213846 /* InfoPlist.strings in Resources */,
				9A2043B01391E1EB00D60D39 /* MainWindow.xib in Resources */,
			);
			runOnlyForDeploymentPostprocessing = 0;
		};
		9A18D15613919BF500213846 /* Resources */ = {
			isa = PBXResourcesBuildPhase;
			buildActionMask = 2147483647;
			files = (
				9A18D16413919BF500213846 /* InfoPlist.strings in Resources */,
				9A18D16713919BF600213846 /* SimpleContactsTests.h in Resources */,
			);
			runOnlyForDeploymentPostprocessing = 0;
		};
/* End PBXResourcesBuildPhase section */

/* Begin PBXShellScriptBuildPhase section */
		9A18D15713919BF500213846 /* ShellScript */ = {
			isa = PBXShellScriptBuildPhase;
			buildActionMask = 2147483647;
			files = (
			);
			inputPaths = (
			);
			outputPaths = (
			);
			runOnlyForDeploymentPostprocessing = 0;
			shellPath = /bin/sh;
			shellScript = "# Run the unit tests in this test bundle.\n\"${SYSTEM_DEVELOPER_DIR}/Tools/RunUnitTests\"\n";
		};
/* End PBXShellScriptBuildPhase section */

/* Begin PBXSourcesBuildPhase section */
		9A18D13113919BF500213846 /* Sources */ = {
			isa = PBXSourcesBuildPhase;
			buildActionMask = 2147483647;
			files = (
				9A18D14713919BF500213846 /* main.m in Sources */,
				9A18D14A13919BF500213846 /* SimpleContactsAppDelegate.m in Sources */,
				9A18D37D1391A27E00213846 /* Contact.xcdatamodeld in Sources */,
				9A18D3801391A3C000213846 /* Contact.m in Sources */,
				9A18D3831391A61700213846 /* ContactsController.m in Sources */,
			);
			runOnlyForDeploymentPostprocessing = 0;
		};
		9A18D15413919BF500213846 /* Sources */ = {
			isa = PBXSourcesBuildPhase;
			buildActionMask = 2147483647;
			files = (
				9A18D16913919BF600213846 /* SimpleContactsTests.m in Sources */,
			);
			runOnlyForDeploymentPostprocessing = 0;
		};
/* End PBXSourcesBuildPhase section */

/* Begin PBXTargetDependency section */
		9A18D15E13919BF500213846 /* PBXTargetDependency */ = {
			isa = PBXTargetDependency;
			target = 9A18D13413919BF500213846 /* SimpleContacts */;
			targetProxy = 9A18D15D13919BF500213846 /* PBXContainerItemProxy */;
		};
/* End PBXTargetDependency section */

/* Begin PBXVariantGroup section */
		9A18D14213919BF500213846 /* InfoPlist.strings */ = {
			isa = PBXVariantGroup;
			children = (
				9A18D14313919BF500213846 /* en */,
			);
			name = InfoPlist.strings;
			sourceTree = "<group>";
		};
		9A18D16213919BF500213846 /* InfoPlist.strings */ = {
			isa = PBXVariantGroup;
			children = (
				9A18D16313919BF500213846 /* en */,
			);
			name = InfoPlist.strings;
			sourceTree = "<group>";
		};
/* End PBXVariantGroup section */

/* Begin XCBuildConfiguration section */
		9A18D16A13919BF600213846 /* Debug */ = {
			isa = XCBuildConfiguration;
			buildSettings = {
				ARCHS = "$(ARCHS_STANDARD_32_BIT)";
				"CODE_SIGN_IDENTITY[sdk=iphoneos*]" = "iPhone Developer";
				GCC_C_LANGUAGE_STANDARD = gnu99;
				GCC_OPTIMIZATION_LEVEL = 0;
				GCC_PREPROCESSOR_DEFINITIONS = DEBUG;
				GCC_SYMBOLS_PRIVATE_EXTERN = NO;
				GCC_VERSION = com.apple.compilers.llvmgcc42;
				GCC_WARN_ABOUT_RETURN_TYPE = YES;
				GCC_WARN_UNUSED_VARIABLE = YES;
				IPHONEOS_DEPLOYMENT_TARGET = 4.3;
				SDKROOT = iphoneos;
			};
			name = Debug;
		};
		9A18D16B13919BF600213846 /* Release */ = {
			isa = XCBuildConfiguration;
			buildSettings = {
				ARCHS = "$(ARCHS_STANDARD_32_BIT)";
				"CODE_SIGN_IDENTITY[sdk=iphoneos*]" = "iPhone Developer";
				GCC_C_LANGUAGE_STANDARD = gnu99;
				GCC_VERSION = com.apple.compilers.llvmgcc42;
				GCC_WARN_ABOUT_RETURN_TYPE = YES;
				GCC_WARN_UNUSED_VARIABLE = YES;
				IPHONEOS_DEPLOYMENT_TARGET = 4.3;
				OTHER_CFLAGS = "-DNS_BLOCK_ASSERTIONS=1";
				SDKROOT = iphoneos;
			};
			name = Release;
		};
		9A18D16D13919BF600213846 /* Debug */ = {
			isa = XCBuildConfiguration;
			buildSettings = {
				ALWAYS_SEARCH_USER_PATHS = NO;
				COPY_PHASE_STRIP = NO;
				GCC_DYNAMIC_NO_PIC = NO;
				GCC_PRECOMPILE_PREFIX_HEADER = YES;
				GCC_PREFIX_HEADER = "SimpleContacts/SimpleContacts-Prefix.pch";
				INFOPLIST_FILE = "SimpleContacts/SimpleContacts-Info.plist";
				LIBRARY_SEARCH_PATHS = (
					"$(inherited)",
					"\"$(SRCROOT)/SimpleContacts/sqlitepersistentobjects/Tests/google-toolbox-for-mac-1-5-1/TigerGcov\"",
				);
				PRODUCT_NAME = "$(TARGET_NAME)";
				WRAPPER_EXTENSION = app;
			};
			name = Debug;
		};
		9A18D16E13919BF600213846 /* Release */ = {
			isa = XCBuildConfiguration;
			buildSettings = {
				ALWAYS_SEARCH_USER_PATHS = NO;
				COPY_PHASE_STRIP = YES;
				GCC_PRECOMPILE_PREFIX_HEADER = YES;
				GCC_PREFIX_HEADER = "SimpleContacts/SimpleContacts-Prefix.pch";
				INFOPLIST_FILE = "SimpleContacts/SimpleContacts-Info.plist";
				LIBRARY_SEARCH_PATHS = (
					"$(inherited)",
					"\"$(SRCROOT)/SimpleContacts/sqlitepersistentobjects/Tests/google-toolbox-for-mac-1-5-1/TigerGcov\"",
				);
				PRODUCT_NAME = "$(TARGET_NAME)";
				VALIDATE_PRODUCT = YES;
				WRAPPER_EXTENSION = app;
			};
			name = Release;
		};
		9A18D17013919BF600213846 /* Debug */ = {
			isa = XCBuildConfiguration;
			buildSettings = {
				ALWAYS_SEARCH_USER_PATHS = NO;
				BUNDLE_LOADER = "$(BUILT_PRODUCTS_DIR)/SimpleContacts.app/SimpleContacts";
				FRAMEWORK_SEARCH_PATHS = (
					"$(SDKROOT)/Developer/Library/Frameworks",
					"$(DEVELOPER_LIBRARY_DIR)/Frameworks",
				);
				GCC_PRECOMPILE_PREFIX_HEADER = YES;
				GCC_PREFIX_HEADER = "SimpleContactsTests/SimpleContactsTests-Prefix.pch";
				INFOPLIST_FILE = "SimpleContactsTests/SimpleContactsTests-Info.plist";
				OTHER_LDFLAGS = (
					"-framework",
					SenTestingKit,
				);
				PRODUCT_NAME = "$(TARGET_NAME)";
				TEST_HOST = "$(BUNDLE_LOADER)";
				WRAPPER_EXTENSION = octest;
			};
			name = Debug;
		};
		9A18D17113919BF600213846 /* Release */ = {
			isa = XCBuildConfiguration;
			buildSettings = {
				ALWAYS_SEARCH_USER_PATHS = NO;
				BUNDLE_LOADER = "$(BUILT_PRODUCTS_DIR)/SimpleContacts.app/SimpleContacts";
				FRAMEWORK_SEARCH_PATHS = (
					"$(SDKROOT)/Developer/Library/Frameworks",
					"$(DEVELOPER_LIBRARY_DIR)/Frameworks",
				);
				GCC_PRECOMPILE_PREFIX_HEADER = YES;
				GCC_PREFIX_HEADER = "SimpleContactsTests/SimpleContactsTests-Prefix.pch";
				INFOPLIST_FILE = "SimpleContactsTests/SimpleContactsTests-Info.plist";
				OTHER_LDFLAGS = (
					"-framework",
					SenTestingKit,
				);
				PRODUCT_NAME = "$(TARGET_NAME)";
				TEST_HOST = "$(BUNDLE_LOADER)";
				WRAPPER_EXTENSION = octest;
			};
			name = Release;
		};
/* End XCBuildConfiguration section */

/* Begin XCConfigurationList section */
		9A18D12F13919BF500213846 /* Build configuration list for PBXProject "SimpleContacts" */ = {
			isa = XCConfigurationList;
			buildConfigurations = (
				9A18D16A13919BF600213846 /* Debug */,
				9A18D16B13919BF600213846 /* Release */,
			);
			defaultConfigurationIsVisible = 0;
			defaultConfigurationName = Release;
		};
		9A18D16C13919BF600213846 /* Build configuration list for PBXNativeTarget "SimpleContacts" */ = {
			isa = XCConfigurationList;
			buildConfigurations = (
				9A18D16D13919BF600213846 /* Debug */,
				9A18D16E13919BF600213846 /* Release */,
			);
			defaultConfigurationIsVisible = 0;
			defaultConfigurationName = Release;
		};
		9A18D16F13919BF600213846 /* Build configuration list for PBXNativeTarget "SimpleContactsTests" */ = {
			isa = XCConfigurationList;
			buildConfigurations = (
				9A18D17013919BF600213846 /* Debug */,
				9A18D17113919BF600213846 /* Release */,
			);
			defaultConfigurationIsVisible = 0;
			defaultConfigurationName = Release;
		};
/* End XCConfigurationList section */

/* Begin XCVersionGroup section */
		9A18D37B1391A27E00213846 /* Contact.xcdatamodeld */ = {
			isa = XCVersionGroup;
			children = (
				9A18D37C1391A27E00213846 /* Contact.xcdatamodel */,
			);
			currentVersion = 9A18D37C1391A27E00213846 /* Contact.xcdatamodel */;
			path = Contact.xcdatamodeld;
			sourceTree = "<group>";
			versionGroupType = wrapper.xcdatamodel;
		};
/* End XCVersionGroup section */
	};
	rootObject = 9A18D12C13919BF500213846 /* Project object */;
}
